// !$*UTF8*$!
{
	archiveVersion = 1;
	classes = {
	};
	objectVersion = 56;
	objects = {

/* Begin PBXBuildFile section */
		5D0E22232B24828900C23903 /* ReminderApp.swift in Sources */ = {isa = PBXBuildFile; fileRef = 5D0E22222B24828900C23903 /* ReminderApp.swift */; };
		5D0E22272B24828A00C23903 /* Assets.xcassets in Resources */ = {isa = PBXBuildFile; fileRef = 5D0E22262B24828A00C23903 /* Assets.xcassets */; };
		5D0E222A2B24828A00C23903 /* Preview Assets.xcassets in Resources */ = {isa = PBXBuildFile; fileRef = 5D0E22292B24828A00C23903 /* Preview Assets.xcassets */; };
		5D0E22342B2482F000C23903 /* Reminder.swift in Sources */ = {isa = PBXBuildFile; fileRef = 5D0E22332B2482F000C23903 /* Reminder.swift */; };
		5D0E22362B24854B00C23903 /* MainView.swift in Sources */ = {isa = PBXBuildFile; fileRef = 5D0E22352B24854B00C23903 /* MainView.swift */; };
		5D2B2E102B2532B60095A6AE /* ViewModel.swift in Sources */ = {isa = PBXBuildFile; fileRef = 5D2B2E0F2B2532B60095A6AE /* ViewModel.swift */; };
		5D2B2E122B253AD70095A6AE /* InputView.swift in Sources */ = {isa = PBXBuildFile; fileRef = 5D2B2E112B253AD70095A6AE /* InputView.swift */; };
		5D2B2E142B2751430095A6AE /* GoogleService-Info.plist in Resources */ = {isa = PBXBuildFile; fileRef = 5D2B2E132B2751430095A6AE /* GoogleService-Info.plist */; };
		5D2B2E172B2752800095A6AE /* FirebaseAnalytics in Frameworks */ = {isa = PBXBuildFile; productRef = 5D2B2E162B2752800095A6AE /* FirebaseAnalytics */; };
		5D2B2E192B2752800095A6AE /* FirebaseAnalyticsSwift in Frameworks */ = {isa = PBXBuildFile; productRef = 5D2B2E182B2752800095A6AE /* FirebaseAnalyticsSwift */; };
		5D2B2E1B2B27AB780095A6AE /* ListRowView.swift in Sources */ = {isa = PBXBuildFile; fileRef = 5D2B2E1A2B27AB780095A6AE /* ListRowView.swift */; };
		5DFC1A002B28EF8200F00D29 /* FirebaseFirestore in Frameworks */ = {isa = PBXBuildFile; productRef = 5DFC19FF2B28EF8200F00D29 /* FirebaseFirestore */; };
		5DFC1A022B28EF8200F00D29 /* FirebaseFirestoreSwift in Frameworks */ = {isa = PBXBuildFile; productRef = 5DFC1A012B28EF8200F00D29 /* FirebaseFirestoreSwift */; };
		5DFC1A042B2A36B800F00D29 /* FirebaseAnalytics in Frameworks */ = {isa = PBXBuildFile; productRef = 5DFC1A032B2A36B800F00D29 /* FirebaseAnalytics */; };
		5DFC1A062B2A36B800F00D29 /* FirebaseAnalyticsOnDeviceConversion in Frameworks */ = {isa = PBXBuildFile; productRef = 5DFC1A052B2A36B800F00D29 /* FirebaseAnalyticsOnDeviceConversion */; };
		5DFC1A082B2A36B800F00D29 /* FirebaseAnalyticsSwift in Frameworks */ = {isa = PBXBuildFile; productRef = 5DFC1A072B2A36B800F00D29 /* FirebaseAnalyticsSwift */; };
		5DFC1A0A2B2A36B800F00D29 /* FirebaseAnalyticsWithoutAdIdSupport in Frameworks */ = {isa = PBXBuildFile; productRef = 5DFC1A092B2A36B800F00D29 /* FirebaseAnalyticsWithoutAdIdSupport */; };
		5DFC1A0C2B2A36B800F00D29 /* FirebaseAppCheck in Frameworks */ = {isa = PBXBuildFile; productRef = 5DFC1A0B2B2A36B800F00D29 /* FirebaseAppCheck */; };
		5DFC1A0E2B2A39EA00F00D29 /* FirebaseAnalytics in Frameworks */ = {isa = PBXBuildFile; productRef = 5DFC1A0D2B2A39EA00F00D29 /* FirebaseAnalytics */; };
		5DFC1A102B2A39EA00F00D29 /* FirebaseAnalyticsOnDeviceConversion in Frameworks */ = {isa = PBXBuildFile; productRef = 5DFC1A0F2B2A39EA00F00D29 /* FirebaseAnalyticsOnDeviceConversion */; };
		5DFC1A122B2A39EA00F00D29 /* FirebaseAnalyticsSwift in Frameworks */ = {isa = PBXBuildFile; productRef = 5DFC1A112B2A39EA00F00D29 /* FirebaseAnalyticsSwift */; };
		5DFC1A142B2A39EA00F00D29 /* FirebaseAnalyticsWithoutAdIdSupport in Frameworks */ = {isa = PBXBuildFile; productRef = 5DFC1A132B2A39EA00F00D29 /* FirebaseAnalyticsWithoutAdIdSupport */; };
		5DFC1A162B2A39EA00F00D29 /* FirebaseAppCheck in Frameworks */ = {isa = PBXBuildFile; productRef = 5DFC1A152B2A39EA00F00D29 /* FirebaseAppCheck */; };
		5DFC1A182B2A39EA00F00D29 /* FirebaseAppDistribution-Beta in Frameworks */ = {isa = PBXBuildFile; productRef = 5DFC1A172B2A39EA00F00D29 /* FirebaseAppDistribution-Beta */; };
		5DFC1A1A2B2A39EA00F00D29 /* FirebaseAuth in Frameworks */ = {isa = PBXBuildFile; productRef = 5DFC1A192B2A39EA00F00D29 /* FirebaseAuth */; };
		5DFC1A1C2B2A39EA00F00D29 /* FirebaseAuthCombine-Community in Frameworks */ = {isa = PBXBuildFile; productRef = 5DFC1A1B2B2A39EA00F00D29 /* FirebaseAuthCombine-Community */; };
		5DFC1A1E2B2A39EA00F00D29 /* FirebaseCrashlytics in Frameworks */ = {isa = PBXBuildFile; productRef = 5DFC1A1D2B2A39EA00F00D29 /* FirebaseCrashlytics */; };
		5DFC1A202B2A39EA00F00D29 /* FirebaseDatabase in Frameworks */ = {isa = PBXBuildFile; productRef = 5DFC1A1F2B2A39EA00F00D29 /* FirebaseDatabase */; };
		5DFC1A222B2A39EA00F00D29 /* FirebaseDatabaseSwift in Frameworks */ = {isa = PBXBuildFile; productRef = 5DFC1A212B2A39EA00F00D29 /* FirebaseDatabaseSwift */; };
		5DFC1A242B2A39EA00F00D29 /* FirebaseDynamicLinks in Frameworks */ = {isa = PBXBuildFile; productRef = 5DFC1A232B2A39EA00F00D29 /* FirebaseDynamicLinks */; };
		5DFC1A262B2A39EA00F00D29 /* FirebaseFirestore in Frameworks */ = {isa = PBXBuildFile; productRef = 5DFC1A252B2A39EA00F00D29 /* FirebaseFirestore */; };
		5DFC1A282B2A39EA00F00D29 /* FirebaseFirestoreCombine-Community in Frameworks */ = {isa = PBXBuildFile; productRef = 5DFC1A272B2A39EA00F00D29 /* FirebaseFirestoreCombine-Community */; };
		5DFC1A2A2B2A39EA00F00D29 /* FirebaseFirestoreSwift in Frameworks */ = {isa = PBXBuildFile; productRef = 5DFC1A292B2A39EA00F00D29 /* FirebaseFirestoreSwift */; };
		5DFC1A2C2B2A39EA00F00D29 /* FirebaseFunctions in Frameworks */ = {isa = PBXBuildFile; productRef = 5DFC1A2B2B2A39EA00F00D29 /* FirebaseFunctions */; };
		5DFC1A2E2B2A39EA00F00D29 /* FirebaseFunctionsCombine-Community in Frameworks */ = {isa = PBXBuildFile; productRef = 5DFC1A2D2B2A39EA00F00D29 /* FirebaseFunctionsCombine-Community */; };
		5DFC1A302B2A39EA00F00D29 /* FirebaseInAppMessaging-Beta in Frameworks */ = {isa = PBXBuildFile; productRef = 5DFC1A2F2B2A39EA00F00D29 /* FirebaseInAppMessaging-Beta */; };
		5DFC1A322B2A39EA00F00D29 /* FirebaseInAppMessagingSwift-Beta in Frameworks */ = {isa = PBXBuildFile; productRef = 5DFC1A312B2A39EA00F00D29 /* FirebaseInAppMessagingSwift-Beta */; };
		5DFC1A342B2A39EA00F00D29 /* FirebaseInstallations in Frameworks */ = {isa = PBXBuildFile; productRef = 5DFC1A332B2A39EA00F00D29 /* FirebaseInstallations */; };
		5DFC1A362B2A39EA00F00D29 /* FirebaseMLModelDownloader in Frameworks */ = {isa = PBXBuildFile; productRef = 5DFC1A352B2A39EA00F00D29 /* FirebaseMLModelDownloader */; };
		5DFC1A382B2A39EA00F00D29 /* FirebaseMessaging in Frameworks */ = {isa = PBXBuildFile; productRef = 5DFC1A372B2A39EA00F00D29 /* FirebaseMessaging */; };
		5DFC1A3A2B2A39EA00F00D29 /* FirebasePerformance in Frameworks */ = {isa = PBXBuildFile; productRef = 5DFC1A392B2A39EA00F00D29 /* FirebasePerformance */; };
		5DFC1A3C2B2A39EA00F00D29 /* FirebaseRemoteConfig in Frameworks */ = {isa = PBXBuildFile; productRef = 5DFC1A3B2B2A39EA00F00D29 /* FirebaseRemoteConfig */; };
		5DFC1A3E2B2A39EA00F00D29 /* FirebaseRemoteConfigSwift in Frameworks */ = {isa = PBXBuildFile; productRef = 5DFC1A3D2B2A39EA00F00D29 /* FirebaseRemoteConfigSwift */; };
		5DFC1A402B2A39EA00F00D29 /* FirebaseStorage in Frameworks */ = {isa = PBXBuildFile; productRef = 5DFC1A3F2B2A39EA00F00D29 /* FirebaseStorage */; };
		5DFC1A422B2A39EA00F00D29 /* FirebaseStorageCombine-Community in Frameworks */ = {isa = PBXBuildFile; productRef = 5DFC1A412B2A39EA00F00D29 /* FirebaseStorageCombine-Community */; };
/* End PBXBuildFile section */

/* Begin PBXFileReference section */
		5D0E221F2B24828900C23903 /* Reminder.app */ = {isa = PBXFileReference; explicitFileType = wrapper.application; includeInIndex = 0; path = Reminder.app; sourceTree = BUILT_PRODUCTS_DIR; };
		5D0E22222B24828900C23903 /* ReminderApp.swift */ = {isa = PBXFileReference; lastKnownFileType = sourcecode.swift; path = ReminderApp.swift; sourceTree = "<group>"; };
		5D0E22262B24828A00C23903 /* Assets.xcassets */ = {isa = PBXFileReference; lastKnownFileType = folder.assetcatalog; path = Assets.xcassets; sourceTree = "<group>"; };
		5D0E22292B24828A00C23903 /* Preview Assets.xcassets */ = {isa = PBXFileReference; lastKnownFileType = folder.assetcatalog; path = "Preview Assets.xcassets"; sourceTree = "<group>"; };
		5D0E22332B2482F000C23903 /* Reminder.swift */ = {isa = PBXFileReference; lastKnownFileType = sourcecode.swift; path = Reminder.swift; sourceTree = "<group>"; };
		5D0E22352B24854B00C23903 /* MainView.swift */ = {isa = PBXFileReference; lastKnownFileType = sourcecode.swift; path = MainView.swift; sourceTree = "<group>"; };
		5D2B2E0F2B2532B60095A6AE /* ViewModel.swift */ = {isa = PBXFileReference; lastKnownFileType = sourcecode.swift; path = ViewModel.swift; sourceTree = "<group>"; };
		5D2B2E112B253AD70095A6AE /* InputView.swift */ = {isa = PBXFileReference; lastKnownFileType = sourcecode.swift; path = InputView.swift; sourceTree = "<group>"; };
		5D2B2E132B2751430095A6AE /* GoogleService-Info.plist */ = {isa = PBXFileReference; fileEncoding = 4; lastKnownFileType = text.plist.xml; path = "GoogleService-Info.plist"; sourceTree = "<group>"; };
		5D2B2E1A2B27AB780095A6AE /* ListRowView.swift */ = {isa = PBXFileReference; lastKnownFileType = sourcecode.swift; path = ListRowView.swift; sourceTree = "<group>"; };
/* End PBXFileReference section */

/* Begin PBXFrameworksBuildPhase section */
		5D0E221C2B24828900C23903 /* Frameworks */ = {
			isa = PBXFrameworksBuildPhase;
			buildActionMask = 2147483647;
			files = (
				5DFC1A3C2B2A39EA00F00D29 /* FirebaseRemoteConfig in Frameworks */,
				5DFC1A382B2A39EA00F00D29 /* FirebaseMessaging in Frameworks */,
				5DFC1A222B2A39EA00F00D29 /* FirebaseDatabaseSwift in Frameworks */,
				5DFC1A142B2A39EA00F00D29 /* FirebaseAnalyticsWithoutAdIdSupport in Frameworks */,
				5DFC1A322B2A39EA00F00D29 /* FirebaseInAppMessagingSwift-Beta in Frameworks */,
				5DFC1A302B2A39EA00F00D29 /* FirebaseInAppMessaging-Beta in Frameworks */,
				5DFC1A122B2A39EA00F00D29 /* FirebaseAnalyticsSwift in Frameworks */,
				5DFC1A3A2B2A39EA00F00D29 /* FirebasePerformance in Frameworks */,
				5DFC1A182B2A39EA00F00D29 /* FirebaseAppDistribution-Beta in Frameworks */,
				5DFC1A3E2B2A39EA00F00D29 /* FirebaseRemoteConfigSwift in Frameworks */,
				5DFC1A1C2B2A39EA00F00D29 /* FirebaseAuthCombine-Community in Frameworks */,
				5DFC1A242B2A39EA00F00D29 /* FirebaseDynamicLinks in Frameworks */,
				5D2B2E192B2752800095A6AE /* FirebaseAnalyticsSwift in Frameworks */,
				5DFC1A062B2A36B800F00D29 /* FirebaseAnalyticsOnDeviceConversion in Frameworks */,
				5DFC1A162B2A39EA00F00D29 /* FirebaseAppCheck in Frameworks */,
				5DFC1A342B2A39EA00F00D29 /* FirebaseInstallations in Frameworks */,
				5DFC1A262B2A39EA00F00D29 /* FirebaseFirestore in Frameworks */,
				5DFC1A102B2A39EA00F00D29 /* FirebaseAnalyticsOnDeviceConversion in Frameworks */,
				5DFC1A402B2A39EA00F00D29 /* FirebaseStorage in Frameworks */,
				5D2B2E172B2752800095A6AE /* FirebaseAnalytics in Frameworks */,
				5DFC1A002B28EF8200F00D29 /* FirebaseFirestore in Frameworks */,
				5DFC1A082B2A36B800F00D29 /* FirebaseAnalyticsSwift in Frameworks */,
				5DFC1A282B2A39EA00F00D29 /* FirebaseFirestoreCombine-Community in Frameworks */,
				5DFC1A042B2A36B800F00D29 /* FirebaseAnalytics in Frameworks */,
				5DFC1A022B28EF8200F00D29 /* FirebaseFirestoreSwift in Frameworks */,
				5DFC1A2C2B2A39EA00F00D29 /* FirebaseFunctions in Frameworks */,
				5DFC1A0C2B2A36B800F00D29 /* FirebaseAppCheck in Frameworks */,
				5DFC1A0E2B2A39EA00F00D29 /* FirebaseAnalytics in Frameworks */,
				5DFC1A1E2B2A39EA00F00D29 /* FirebaseCrashlytics in Frameworks */,
				5DFC1A2E2B2A39EA00F00D29 /* FirebaseFunctionsCombine-Community in Frameworks */,
				5DFC1A202B2A39EA00F00D29 /* FirebaseDatabase in Frameworks */,
				5DFC1A0A2B2A36B800F00D29 /* FirebaseAnalyticsWithoutAdIdSupport in Frameworks */,
				5DFC1A362B2A39EA00F00D29 /* FirebaseMLModelDownloader in Frameworks */,
				5DFC1A1A2B2A39EA00F00D29 /* FirebaseAuth in Frameworks */,
				5DFC1A422B2A39EA00F00D29 /* FirebaseStorageCombine-Community in Frameworks */,
				5DFC1A2A2B2A39EA00F00D29 /* FirebaseFirestoreSwift in Frameworks */,
			);
			runOnlyForDeploymentPostprocessing = 0;
		};
/* End PBXFrameworksBuildPhase section */

/* Begin PBXGroup section */
		5D0E22162B24828900C23903 = {
			isa = PBXGroup;
			children = (
				5D0E22212B24828900C23903 /* Reminder */,
				5D0E22202B24828900C23903 /* Products */,
				5DFC19FE2B28EF8200F00D29 /* Frameworks */,
			);
			sourceTree = "<group>";
		};
		5D0E22202B24828900C23903 /* Products */ = {
			isa = PBXGroup;
			children = (
				5D0E221F2B24828900C23903 /* Reminder.app */,
			);
			name = Products;
			sourceTree = "<group>";
		};
		5D0E22212B24828900C23903 /* Reminder */ = {
			isa = PBXGroup;
			children = (
				5D2B2E132B2751430095A6AE /* GoogleService-Info.plist */,
				5D0E22222B24828900C23903 /* ReminderApp.swift */,
				5D0E22322B2482A800C23903 /* Views */,
				5D0E22312B2482A400C23903 /* ViewModel */,
				5D0E22302B2482A000C23903 /* Model */,
				5D0E22262B24828A00C23903 /* Assets.xcassets */,
				5D0E22282B24828A00C23903 /* Preview Content */,
			);
			path = Reminder;
			sourceTree = "<group>";
		};
		5D0E22282B24828A00C23903 /* Preview Content */ = {
			isa = PBXGroup;
			children = (
				5D0E22292B24828A00C23903 /* Preview Assets.xcassets */,
			);
			path = "Preview Content";
			sourceTree = "<group>";
		};
		5D0E22302B2482A000C23903 /* Model */ = {
			isa = PBXGroup;
			children = (
				5D0E22332B2482F000C23903 /* Reminder.swift */,
			);
			path = Model;
			sourceTree = "<group>";
		};
		5D0E22312B2482A400C23903 /* ViewModel */ = {
			isa = PBXGroup;
			children = (
				5D2B2E0F2B2532B60095A6AE /* ViewModel.swift */,
			);
			path = ViewModel;
			sourceTree = "<group>";
		};
		5D0E22322B2482A800C23903 /* Views */ = {
			isa = PBXGroup;
			children = (
				5D0E22352B24854B00C23903 /* MainView.swift */,
				5D2B2E112B253AD70095A6AE /* InputView.swift */,
				5D2B2E1A2B27AB780095A6AE /* ListRowView.swift */,
			);
			path = Views;
			sourceTree = "<group>";
		};
		5DFC19FE2B28EF8200F00D29 /* Frameworks */ = {
			isa = PBXGroup;
			children = (
			);
			name = Frameworks;
			sourceTree = "<group>";
		};
/* End PBXGroup section */

/* Begin PBXNativeTarget section */
		5D0E221E2B24828900C23903 /* Reminder */ = {
			isa = PBXNativeTarget;
			buildConfigurationList = 5D0E222D2B24828A00C23903 /* Build configuration list for PBXNativeTarget "Reminder" */;
			buildPhases = (
				5D0E221B2B24828900C23903 /* Sources */,
				5D0E221C2B24828900C23903 /* Frameworks */,
				5D0E221D2B24828900C23903 /* Resources */,
			);
			buildRules = (
			);
			dependencies = (
			);
			name = Reminder;
			packageProductDependencies = (
				5D2B2E162B2752800095A6AE /* FirebaseAnalytics */,
				5D2B2E182B2752800095A6AE /* FirebaseAnalyticsSwift */,
				5DFC19FF2B28EF8200F00D29 /* FirebaseFirestore */,
				5DFC1A012B28EF8200F00D29 /* FirebaseFirestoreSwift */,
				5DFC1A032B2A36B800F00D29 /* FirebaseAnalytics */,
				5DFC1A052B2A36B800F00D29 /* FirebaseAnalyticsOnDeviceConversion */,
				5DFC1A072B2A36B800F00D29 /* FirebaseAnalyticsSwift */,
				5DFC1A092B2A36B800F00D29 /* FirebaseAnalyticsWithoutAdIdSupport */,
				5DFC1A0B2B2A36B800F00D29 /* FirebaseAppCheck */,
				5DFC1A0D2B2A39EA00F00D29 /* FirebaseAnalytics */,
				5DFC1A0F2B2A39EA00F00D29 /* FirebaseAnalyticsOnDeviceConversion */,
				5DFC1A112B2A39EA00F00D29 /* FirebaseAnalyticsSwift */,
				5DFC1A132B2A39EA00F00D29 /* FirebaseAnalyticsWithoutAdIdSupport */,
				5DFC1A152B2A39EA00F00D29 /* FirebaseAppCheck */,
				5DFC1A172B2A39EA00F00D29 /* FirebaseAppDistribution-Beta */,
				5DFC1A192B2A39EA00F00D29 /* FirebaseAuth */,
				5DFC1A1B2B2A39EA00F00D29 /* FirebaseAuthCombine-Community */,
				5DFC1A1D2B2A39EA00F00D29 /* FirebaseCrashlytics */,
				5DFC1A1F2B2A39EA00F00D29 /* FirebaseDatabase */,
				5DFC1A212B2A39EA00F00D29 /* FirebaseDatabaseSwift */,
				5DFC1A232B2A39EA00F00D29 /* FirebaseDynamicLinks */,
				5DFC1A252B2A39EA00F00D29 /* FirebaseFirestore */,
				5DFC1A272B2A39EA00F00D29 /* FirebaseFirestoreCombine-Community */,
				5DFC1A292B2A39EA00F00D29 /* FirebaseFirestoreSwift */,
				5DFC1A2B2B2A39EA00F00D29 /* FirebaseFunctions */,
				5DFC1A2D2B2A39EA00F00D29 /* FirebaseFunctionsCombine-Community */,
				5DFC1A2F2B2A39EA00F00D29 /* FirebaseInAppMessaging-Beta */,
				5DFC1A312B2A39EA00F00D29 /* FirebaseInAppMessagingSwift-Beta */,
				5DFC1A332B2A39EA00F00D29 /* FirebaseInstallations */,
				5DFC1A352B2A39EA00F00D29 /* FirebaseMLModelDownloader */,
				5DFC1A372B2A39EA00F00D29 /* FirebaseMessaging */,
				5DFC1A392B2A39EA00F00D29 /* FirebasePerformance */,
				5DFC1A3B2B2A39EA00F00D29 /* FirebaseRemoteConfig */,
				5DFC1A3D2B2A39EA00F00D29 /* FirebaseRemoteConfigSwift */,
				5DFC1A3F2B2A39EA00F00D29 /* FirebaseStorage */,
				5DFC1A412B2A39EA00F00D29 /* FirebaseStorageCombine-Community */,
			);
			productName = Reminder;
			productReference = 5D0E221F2B24828900C23903 /* Reminder.app */;
			productType = "com.apple.product-type.application";
		};
/* End PBXNativeTarget section */

/* Begin PBXProject section */
		5D0E22172B24828900C23903 /* Project object */ = {
			isa = PBXProject;
			attributes = {
				BuildIndependentTargetsInParallel = 1;
				LastSwiftUpdateCheck = 1500;
				LastUpgradeCheck = 1500;
				TargetAttributes = {
					5D0E221E2B24828900C23903 = {
						CreatedOnToolsVersion = 15.0.1;
					};
				};
			};
			buildConfigurationList = 5D0E221A2B24828900C23903 /* Build configuration list for PBXProject "Reminder" */;
			compatibilityVersion = "Xcode 14.0";
			developmentRegion = en;
			hasScannedForEncodings = 0;
			knownRegions = (
				en,
				Base,
			);
			mainGroup = 5D0E22162B24828900C23903;
			packageReferences = (
				5D2B2E152B2752800095A6AE /* XCRemoteSwiftPackageReference "firebase-ios-sdk" */,
			);
			productRefGroup = 5D0E22202B24828900C23903 /* Products */;
			projectDirPath = "";
			projectRoot = "";
			targets = (
				5D0E221E2B24828900C23903 /* Reminder */,
			);
		};
/* End PBXProject section */

/* Begin PBXResourcesBuildPhase section */
		5D0E221D2B24828900C23903 /* Resources */ = {
			isa = PBXResourcesBuildPhase;
			buildActionMask = 2147483647;
			files = (
				5D0E222A2B24828A00C23903 /* Preview Assets.xcassets in Resources */,
				5D0E22272B24828A00C23903 /* Assets.xcassets in Resources */,
				5D2B2E142B2751430095A6AE /* GoogleService-Info.plist in Resources */,
			);
			runOnlyForDeploymentPostprocessing = 0;
		};
/* End PBXResourcesBuildPhase section */

/* Begin PBXSourcesBuildPhase section */
		5D0E221B2B24828900C23903 /* Sources */ = {
			isa = PBXSourcesBuildPhase;
			buildActionMask = 2147483647;
			files = (
				5D2B2E102B2532B60095A6AE /* ViewModel.swift in Sources */,
				5D0E22232B24828900C23903 /* ReminderApp.swift in Sources */,
				5D2B2E122B253AD70095A6AE /* InputView.swift in Sources */,
				5D0E22362B24854B00C23903 /* MainView.swift in Sources */,
				5D0E22342B2482F000C23903 /* Reminder.swift in Sources */,
				5D2B2E1B2B27AB780095A6AE /* ListRowView.swift in Sources */,
			);
			runOnlyForDeploymentPostprocessing = 0;
		};
/* End PBXSourcesBuildPhase section */

/* Begin XCBuildConfiguration section */
		5D0E222B2B24828A00C23903 /* Debug */ = {
			isa = XCBuildConfiguration;
			buildSettings = {
				ALWAYS_SEARCH_USER_PATHS = NO;
				ASSETCATALOG_COMPILER_GENERATE_SWIFT_ASSET_SYMBOL_EXTENSIONS = YES;
				CLANG_ANALYZER_NONNULL = YES;
				CLANG_ANALYZER_NUMBER_OBJECT_CONVERSION = YES_AGGRESSIVE;
				CLANG_CXX_LANGUAGE_STANDARD = "gnu++20";
				CLANG_ENABLE_MODULES = YES;
				CLANG_ENABLE_OBJC_ARC = YES;
				CLANG_ENABLE_OBJC_WEAK = YES;
				CLANG_WARN_BLOCK_CAPTURE_AUTORELEASING = YES;
				CLANG_WARN_BOOL_CONVERSION = YES;
				CLANG_WARN_COMMA = YES;
				CLANG_WARN_CONSTANT_CONVERSION = YES;
				CLANG_WARN_DEPRECATED_OBJC_IMPLEMENTATIONS = YES;
				CLANG_WARN_DIRECT_OBJC_ISA_USAGE = YES_ERROR;
				CLANG_WARN_DOCUMENTATION_COMMENTS = YES;
				CLANG_WARN_EMPTY_BODY = YES;
				CLANG_WARN_ENUM_CONVERSION = YES;
				CLANG_WARN_INFINITE_RECURSION = YES;
				CLANG_WARN_INT_CONVERSION = YES;
				CLANG_WARN_NON_LITERAL_NULL_CONVERSION = YES;
				CLANG_WARN_OBJC_IMPLICIT_RETAIN_SELF = YES;
				CLANG_WARN_OBJC_LITERAL_CONVERSION = YES;
				CLANG_WARN_OBJC_ROOT_CLASS = YES_ERROR;
				CLANG_WARN_QUOTED_INCLUDE_IN_FRAMEWORK_HEADER = YES;
				CLANG_WARN_RANGE_LOOP_ANALYSIS = YES;
				CLANG_WARN_STRICT_PROTOTYPES = YES;
				CLANG_WARN_SUSPICIOUS_MOVE = YES;
				CLANG_WARN_UNGUARDED_AVAILABILITY = YES_AGGRESSIVE;
				CLANG_WARN_UNREACHABLE_CODE = YES;
				CLANG_WARN__DUPLICATE_METHOD_MATCH = YES;
				COPY_PHASE_STRIP = NO;
				DEBUG_INFORMATION_FORMAT = dwarf;
				ENABLE_STRICT_OBJC_MSGSEND = YES;
				ENABLE_TESTABILITY = YES;
				ENABLE_USER_SCRIPT_SANDBOXING = YES;
				GCC_C_LANGUAGE_STANDARD = gnu17;
				GCC_DYNAMIC_NO_PIC = NO;
				GCC_NO_COMMON_BLOCKS = YES;
				GCC_OPTIMIZATION_LEVEL = 0;
				GCC_PREPROCESSOR_DEFINITIONS = (
					"DEBUG=1",
					"$(inherited)",
				);
				GCC_WARN_64_TO_32_BIT_CONVERSION = YES;
				GCC_WARN_ABOUT_RETURN_TYPE = YES_ERROR;
				GCC_WARN_UNDECLARED_SELECTOR = YES;
				GCC_WARN_UNINITIALIZED_AUTOS = YES_AGGRESSIVE;
				GCC_WARN_UNUSED_FUNCTION = YES;
				GCC_WARN_UNUSED_VARIABLE = YES;
				IPHONEOS_DEPLOYMENT_TARGET = 17.0;
				LOCALIZATION_PREFERS_STRING_CATALOGS = YES;
				MTL_ENABLE_DEBUG_INFO = INCLUDE_SOURCE;
				MTL_FAST_MATH = YES;
				ONLY_ACTIVE_ARCH = YES;
				SDKROOT = iphoneos;
				SWIFT_ACTIVE_COMPILATION_CONDITIONS = "DEBUG $(inherited)";
				SWIFT_OPTIMIZATION_LEVEL = "-Onone";
			};
			name = Debug;
		};
		5D0E222C2B24828A00C23903 /* Release */ = {
			isa = XCBuildConfiguration;
			buildSettings = {
				ALWAYS_SEARCH_USER_PATHS = NO;
				ASSETCATALOG_COMPILER_GENERATE_SWIFT_ASSET_SYMBOL_EXTENSIONS = YES;
				CLANG_ANALYZER_NONNULL = YES;
				CLANG_ANALYZER_NUMBER_OBJECT_CONVERSION = YES_AGGRESSIVE;
				CLANG_CXX_LANGUAGE_STANDARD = "gnu++20";
				CLANG_ENABLE_MODULES = YES;
				CLANG_ENABLE_OBJC_ARC = YES;
				CLANG_ENABLE_OBJC_WEAK = YES;
				CLANG_WARN_BLOCK_CAPTURE_AUTORELEASING = YES;
				CLANG_WARN_BOOL_CONVERSION = YES;
				CLANG_WARN_COMMA = YES;
				CLANG_WARN_CONSTANT_CONVERSION = YES;
				CLANG_WARN_DEPRECATED_OBJC_IMPLEMENTATIONS = YES;
				CLANG_WARN_DIRECT_OBJC_ISA_USAGE = YES_ERROR;
				CLANG_WARN_DOCUMENTATION_COMMENTS = YES;
				CLANG_WARN_EMPTY_BODY = YES;
				CLANG_WARN_ENUM_CONVERSION = YES;
				CLANG_WARN_INFINITE_RECURSION = YES;
				CLANG_WARN_INT_CONVERSION = YES;
				CLANG_WARN_NON_LITERAL_NULL_CONVERSION = YES;
				CLANG_WARN_OBJC_IMPLICIT_RETAIN_SELF = YES;
				CLANG_WARN_OBJC_LITERAL_CONVERSION = YES;
				CLANG_WARN_OBJC_ROOT_CLASS = YES_ERROR;
				CLANG_WARN_QUOTED_INCLUDE_IN_FRAMEWORK_HEADER = YES;
				CLANG_WARN_RANGE_LOOP_ANALYSIS = YES;
				CLANG_WARN_STRICT_PROTOTYPES = YES;
				CLANG_WARN_SUSPICIOUS_MOVE = YES;
				CLANG_WARN_UNGUARDED_AVAILABILITY = YES_AGGRESSIVE;
				CLANG_WARN_UNREACHABLE_CODE = YES;
				CLANG_WARN__DUPLICATE_METHOD_MATCH = YES;
				COPY_PHASE_STRIP = NO;
				DEBUG_INFORMATION_FORMAT = "dwarf-with-dsym";
				ENABLE_NS_ASSERTIONS = NO;
				ENABLE_STRICT_OBJC_MSGSEND = YES;
				ENABLE_USER_SCRIPT_SANDBOXING = YES;
				GCC_C_LANGUAGE_STANDARD = gnu17;
				GCC_NO_COMMON_BLOCKS = YES;
				GCC_WARN_64_TO_32_BIT_CONVERSION = YES;
				GCC_WARN_ABOUT_RETURN_TYPE = YES_ERROR;
				GCC_WARN_UNDECLARED_SELECTOR = YES;
				GCC_WARN_UNINITIALIZED_AUTOS = YES_AGGRESSIVE;
				GCC_WARN_UNUSED_FUNCTION = YES;
				GCC_WARN_UNUSED_VARIABLE = YES;
				IPHONEOS_DEPLOYMENT_TARGET = 17.0;
				LOCALIZATION_PREFERS_STRING_CATALOGS = YES;
				MTL_ENABLE_DEBUG_INFO = NO;
				MTL_FAST_MATH = YES;
				SDKROOT = iphoneos;
				SWIFT_COMPILATION_MODE = wholemodule;
				VALIDATE_PRODUCT = YES;
			};
			name = Release;
		};
		5D0E222E2B24828A00C23903 /* Debug */ = {
			isa = XCBuildConfiguration;
			buildSettings = {
				ASSETCATALOG_COMPILER_APPICON_NAME = AppIcon;
				ASSETCATALOG_COMPILER_GLOBAL_ACCENT_COLOR_NAME = AccentColor;
				CODE_SIGN_STYLE = Automatic;
				CURRENT_PROJECT_VERSION = 1;
				DEVELOPMENT_ASSET_PATHS = "\"Reminder/Preview Content\"";
				DEVELOPMENT_TEAM = UUFQ8XM5Q7;
				ENABLE_PREVIEWS = YES;
				GENERATE_INFOPLIST_FILE = YES;
				INFOPLIST_KEY_UIApplicationSceneManifest_Generation = YES;
				INFOPLIST_KEY_UIApplicationSupportsIndirectInputEvents = YES;
				INFOPLIST_KEY_UILaunchScreen_Generation = YES;
				INFOPLIST_KEY_UISupportedInterfaceOrientations_iPad = "UIInterfaceOrientationPortrait UIInterfaceOrientationPortraitUpsideDown UIInterfaceOrientationLandscapeLeft UIInterfaceOrientationLandscapeRight";
				INFOPLIST_KEY_UISupportedInterfaceOrientations_iPhone = "UIInterfaceOrientationPortrait UIInterfaceOrientationLandscapeLeft UIInterfaceOrientationLandscapeRight";
				LD_RUNPATH_SEARCH_PATHS = (
					"$(inherited)",
					"@executable_path/Frameworks",
				);
				MARKETING_VERSION = 1.0;
				PRODUCT_BUNDLE_IDENTIFIER = me.omar.davidson.Reminder;
				PRODUCT_NAME = "$(TARGET_NAME)";
				SWIFT_EMIT_LOC_STRINGS = YES;
				SWIFT_VERSION = 5.0;
				TARGETED_DEVICE_FAMILY = "1,2";
			};
			name = Debug;
		};
		5D0E222F2B24828A00C23903 /* Release */ = {
			isa = XCBuildConfiguration;
			buildSettings = {
				ASSETCATALOG_COMPILER_APPICON_NAME = AppIcon;
				ASSETCATALOG_COMPILER_GLOBAL_ACCENT_COLOR_NAME = AccentColor;
				CODE_SIGN_STYLE = Automatic;
				CURRENT_PROJECT_VERSION = 1;
				DEVELOPMENT_ASSET_PATHS = "\"Reminder/Preview Content\"";
				DEVELOPMENT_TEAM = UUFQ8XM5Q7;
				ENABLE_PREVIEWS = YES;
				GENERATE_INFOPLIST_FILE = YES;
				INFOPLIST_KEY_UIApplicationSceneManifest_Generation = YES;
				INFOPLIST_KEY_UIApplicationSupportsIndirectInputEvents = YES;
				INFOPLIST_KEY_UILaunchScreen_Generation = YES;
				INFOPLIST_KEY_UISupportedInterfaceOrientations_iPad = "UIInterfaceOrientationPortrait UIInterfaceOrientationPortraitUpsideDown UIInterfaceOrientationLandscapeLeft UIInterfaceOrientationLandscapeRight";
				INFOPLIST_KEY_UISupportedInterfaceOrientations_iPhone = "UIInterfaceOrientationPortrait UIInterfaceOrientationLandscapeLeft UIInterfaceOrientationLandscapeRight";
				LD_RUNPATH_SEARCH_PATHS = (
					"$(inherited)",
					"@executable_path/Frameworks",
				);
				MARKETING_VERSION = 1.0;
				PRODUCT_BUNDLE_IDENTIFIER = me.omar.davidson.Reminder;
				PRODUCT_NAME = "$(TARGET_NAME)";
				SWIFT_EMIT_LOC_STRINGS = YES;
				SWIFT_VERSION = 5.0;
				TARGETED_DEVICE_FAMILY = "1,2";
			};
			name = Release;
		};
/* End XCBuildConfiguration section */

/* Begin XCConfigurationList section */
		5D0E221A2B24828900C23903 /* Build configuration list for PBXProject "Reminder" */ = {
			isa = XCConfigurationList;
			buildConfigurations = (
				5D0E222B2B24828A00C23903 /* Debug */,
				5D0E222C2B24828A00C23903 /* Release */,
			);
			defaultConfigurationIsVisible = 0;
			defaultConfigurationName = Release;
		};
		5D0E222D2B24828A00C23903 /* Build configuration list for PBXNativeTarget "Reminder" */ = {
			isa = XCConfigurationList;
			buildConfigurations = (
				5D0E222E2B24828A00C23903 /* Debug */,
				5D0E222F2B24828A00C23903 /* Release */,
			);
			defaultConfigurationIsVisible = 0;
			defaultConfigurationName = Release;
		};
/* End XCConfigurationList section */

/* Begin XCRemoteSwiftPackageReference section */
		5D2B2E152B2752800095A6AE /* XCRemoteSwiftPackageReference "firebase-ios-sdk" */ = {
			isa = XCRemoteSwiftPackageReference;
			repositoryURL = "https://github.com/firebase/firebase-ios-sdk";
			requirement = {
				kind = upToNextMajorVersion;
				minimumVersion = 10.19.0;
			};
		};
/* End XCRemoteSwiftPackageReference section */

/* Begin XCSwiftPackageProductDependency section */
		5D2B2E162B2752800095A6AE /* FirebaseAnalytics */ = {
			isa = XCSwiftPackageProductDependency;
			package = 5D2B2E152B2752800095A6AE /* XCRemoteSwiftPackageReference "firebase-ios-sdk" */;
			productName = FirebaseAnalytics;
		};
		5D2B2E182B2752800095A6AE /* FirebaseAnalyticsSwift */ = {
			isa = XCSwiftPackageProductDependency;
			package = 5D2B2E152B2752800095A6AE /* XCRemoteSwiftPackageReference "firebase-ios-sdk" */;
			productName = FirebaseAnalyticsSwift;
		};
		5DFC19FF2B28EF8200F00D29 /* FirebaseFirestore */ = {
			isa = XCSwiftPackageProductDependency;
			package = 5D2B2E152B2752800095A6AE /* XCRemoteSwiftPackageReference "firebase-ios-sdk" */;
			productName = FirebaseFirestore;
		};
		5DFC1A012B28EF8200F00D29 /* FirebaseFirestoreSwift */ = {
			isa = XCSwiftPackageProductDependency;
			package = 5D2B2E152B2752800095A6AE /* XCRemoteSwiftPackageReference "firebase-ios-sdk" */;
			productName = FirebaseFirestoreSwift;
		};
		5DFC1A032B2A36B800F00D29 /* FirebaseAnalytics */ = {
			isa = XCSwiftPackageProductDependency;
			productName = FirebaseAnalytics;
		};
		5DFC1A052B2A36B800F00D29 /* FirebaseAnalyticsOnDeviceConversion */ = {
			isa = XCSwiftPackageProductDependency;
			productName = FirebaseAnalyticsOnDeviceConversion;
		};
		5DFC1A072B2A36B800F00D29 /* FirebaseAnalyticsSwift */ = {
			isa = XCSwiftPackageProductDependency;
			productName = FirebaseAnalyticsSwift;
		};
		5DFC1A092B2A36B800F00D29 /* FirebaseAnalyticsWithoutAdIdSupport */ = {
			isa = XCSwiftPackageProductDependency;
			productName = FirebaseAnalyticsWithoutAdIdSupport;
		};
		5DFC1A0B2B2A36B800F00D29 /* FirebaseAppCheck */ = {
			isa = XCSwiftPackageProductDependency;
			productName = FirebaseAppCheck;
		};
		5DFC1A0D2B2A39EA00F00D29 /* FirebaseAnalytics */ = {
			isa = XCSwiftPackageProductDependency;
			package = 5D2B2E152B2752800095A6AE /* XCRemoteSwiftPackageReference "firebase-ios-sdk" */;
			productName = FirebaseAnalytics;
		};
		5DFC1A0F2B2A39EA00F00D29 /* FirebaseAnalyticsOnDeviceConversion */ = {
			isa = XCSwiftPackageProductDependency;
			package = 5D2B2E152B2752800095A6AE /* XCRemoteSwiftPackageReference "firebase-ios-sdk" */;
			productName = FirebaseAnalyticsOnDeviceConversion;
		};
		5DFC1A112B2A39EA00F00D29 /* FirebaseAnalyticsSwift */ = {
			isa = XCSwiftPackageProductDependency;
			package = 5D2B2E152B2752800095A6AE /* XCRemoteSwiftPackageReference "firebase-ios-sdk" */;
			productName = FirebaseAnalyticsSwift;
		};
		5DFC1A132B2A39EA00F00D29 /* FirebaseAnalyticsWithoutAdIdSupport */ = {
			isa = XCSwiftPackageProductDependency;
			package = 5D2B2E152B2752800095A6AE /* XCRemoteSwiftPackageReference "firebase-ios-sdk" */;
			productName = FirebaseAnalyticsWithoutAdIdSupport;
		};
		5DFC1A152B2A39EA00F00D29 /* FirebaseAppCheck */ = {
			isa = XCSwiftPackageProductDependency;
			package = 5D2B2E152B2752800095A6AE /* XCRemoteSwiftPackageReference "firebase-ios-sdk" */;
			productName = FirebaseAppCheck;
		};
		5DFC1A172B2A39EA00F00D29 /* FirebaseAppDistribution-Beta */ = {
			isa = XCSwiftPackageProductDependency;
			package = 5D2B2E152B2752800095A6AE /* XCRemoteSwiftPackageReference "firebase-ios-sdk" */;
			productName = "FirebaseAppDistribution-Beta";
		};
		5DFC1A192B2A39EA00F00D29 /* FirebaseAuth */ = {
			isa = XCSwiftPackageProductDependency;
			package = 5D2B2E152B2752800095A6AE /* XCRemoteSwiftPackageReference "firebase-ios-sdk" */;
			productName = FirebaseAuth;
		};
		5DFC1A1B2B2A39EA00F00D29 /* FirebaseAuthCombine-Community */ = {
			isa = XCSwiftPackageProductDependency;
			package = 5D2B2E152B2752800095A6AE /* XCRemoteSwiftPackageReference "firebase-ios-sdk" */;
			productName = "FirebaseAuthCombine-Community";
		};
		5DFC1A1D2B2A39EA00F00D29 /* FirebaseCrashlytics */ = {
			isa = XCSwiftPackageProductDependency;
			package = 5D2B2E152B2752800095A6AE /* XCRemoteSwiftPackageReference "firebase-ios-sdk" */;
			productName = FirebaseCrashlytics;
		};
		5DFC1A1F2B2A39EA00F00D29 /* FirebaseDatabase */ = {
			isa = XCSwiftPackageProductDependency;
			package = 5D2B2E152B2752800095A6AE /* XCRemoteSwiftPackageReference "firebase-ios-sdk" */;
			productName = FirebaseDatabase;
		};
		5DFC1A212B2A39EA00F00D29 /* FirebaseDatabaseSwift */ = {
			isa = XCSwiftPackageProductDependency;
			package = 5D2B2E152B2752800095A6AE /* XCRemoteSwiftPackageReference "firebase-ios-sdk" */;
			productName = FirebaseDatabaseSwift;
		};
		5DFC1A232B2A39EA00F00D29 /* FirebaseDynamicLinks */ = {
			isa = XCSwiftPackageProductDependency;
			package = 5D2B2E152B2752800095A6AE /* XCRemoteSwiftPackageReference "firebase-ios-sdk" */;
			productName = FirebaseDynamicLinks;
		};
		5DFC1A252B2A39EA00F00D29 /* FirebaseFirestore */ = {
			isa = XCSwiftPackageProductDependency;
			package = 5D2B2E152B2752800095A6AE /* XCRemoteSwiftPackageReference "firebase-ios-sdk" */;
			productName = FirebaseFirestore;
		};
		5DFC1A272B2A39EA00F00D29 /* FirebaseFirestoreCombine-Community */ = {
			isa = XCSwiftPackageProductDependency;
			package = 5D2B2E152B2752800095A6AE /* XCRemoteSwiftPackageReference "firebase-ios-sdk" */;
			productName = "FirebaseFirestoreCombine-Community";
		};
		5DFC1A292B2A39EA00F00D29 /* FirebaseFirestoreSwift */ = {
			isa = XCSwiftPackageProductDependency;
			package = 5D2B2E152B2752800095A6AE /* XCRemoteSwiftPackageReference "firebase-ios-sdk" */;
			productName = FirebaseFirestoreSwift;
		};
		5DFC1A2B2B2A39EA00F00D29 /* FirebaseFunctions */ = {
			isa = XCSwiftPackageProductDependency;
			package = 5D2B2E152B2752800095A6AE /* XCRemoteSwiftPackageReference "firebase-ios-sdk" */;
			productName = FirebaseFunctions;
		};
		5DFC1A2D2B2A39EA00F00D29 /* FirebaseFunctionsCombine-Community */ = {
			isa = XCSwiftPackageProductDependency;
			package = 5D2B2E152B2752800095A6AE /* XCRemoteSwiftPackageReference "firebase-ios-sdk" */;
			productName = "FirebaseFunctionsCombine-Community";
		};
		5DFC1A2F2B2A39EA00F00D29 /* FirebaseInAppMessaging-Beta */ = {
			isa = XCSwiftPackageProductDependency;
			package = 5D2B2E152B2752800095A6AE /* XCRemoteSwiftPackageReference "firebase-ios-sdk" */;
			productName = "FirebaseInAppMessaging-Beta";
		};
		5DFC1A312B2A39EA00F00D29 /* FirebaseInAppMessagingSwift-Beta */ = {
			isa = XCSwiftPackageProductDependency;
			package = 5D2B2E152B2752800095A6AE /* XCRemoteSwiftPackageReference "firebase-ios-sdk" */;
			productName = "FirebaseInAppMessagingSwift-Beta";
		};
		5DFC1A332B2A39EA00F00D29 /* FirebaseInstallations */ = {
			isa = XCSwiftPackageProductDependency;
			package = 5D2B2E152B2752800095A6AE /* XCRemoteSwiftPackageReference "firebase-ios-sdk" */;
			productName = FirebaseInstallations;
		};
		5DFC1A352B2A39EA00F00D29 /* FirebaseMLModelDownloader */ = {
			isa = XCSwiftPackageProductDependency;
			package = 5D2B2E152B2752800095A6AE /* XCRemoteSwiftPackageReference "firebase-ios-sdk" */;
			productName = FirebaseMLModelDownloader;
		};
		5DFC1A372B2A39EA00F00D29 /* FirebaseMessaging */ = {
			isa = XCSwiftPackageProductDependency;
			package = 5D2B2E152B2752800095A6AE /* XCRemoteSwiftPackageReference "firebase-ios-sdk" */;
			productName = FirebaseMessaging;
		};
		5DFC1A392B2A39EA00F00D29 /* FirebasePerformance */ = {
			isa = XCSwiftPackageProductDependency;
			package = 5D2B2E152B2752800095A6AE /* XCRemoteSwiftPackageReference "firebase-ios-sdk" */;
			productName = FirebasePerformance;
		};
		5DFC1A3B2B2A39EA00F00D29 /* FirebaseRemoteConfig */ = {
			isa = XCSwiftPackageProductDependency;
			package = 5D2B2E152B2752800095A6AE /* XCRemoteSwiftPackageReference "firebase-ios-sdk" */;
			productName = FirebaseRemoteConfig;
		};
		5DFC1A3D2B2A39EA00F00D29 /* FirebaseRemoteConfigSwift */ = {
			isa = XCSwiftPackageProductDependency;
			package = 5D2B2E152B2752800095A6AE /* XCRemoteSwiftPackageReference "firebase-ios-sdk" */;
			productName = FirebaseRemoteConfigSwift;
		};
		5DFC1A3F2B2A39EA00F00D29 /* FirebaseStorage */ = {
			isa = XCSwiftPackageProductDependency;
			package = 5D2B2E152B2752800095A6AE /* XCRemoteSwiftPackageReference "firebase-ios-sdk" */;
			productName = FirebaseStorage;
		};
		5DFC1A412B2A39EA00F00D29 /* FirebaseStorageCombine-Community */ = {
			isa = XCSwiftPackageProductDependency;
			package = 5D2B2E152B2752800095A6AE /* XCRemoteSwiftPackageReference "firebase-ios-sdk" */;
			productName = "FirebaseStorageCombine-Community";
		};
/* End XCSwiftPackageProductDependency section */
	};
	rootObject = 5D0E22172B24828900C23903 /* Project object */;
}
